
Microsoft Visual Studio Solution File, Format Version 12.00
# Visual Studio 2013
VisualStudioVersion = 12.0.21005.1
MinimumVisualStudioVersion = 10.0.40219.1
Project("{8BC9CEB8-8B4A-11D0-8D11-00A0C91BC942}") = "task2", "task2\task2.vcxproj", "{C223DAFA-9611-4471-AAD6-7B99CEBDE258}"
EndProject
Project("{8BC9CEB8-8B4A-11D0-8D11-00A0C91BC942}") = "task2tests", "task2tests\task2tests.vcxproj", "{DE2CB84C-0984-4B7A-807C-1EA3E1923263}"
EndProject
Global
	GlobalSection(SolutionConfigurationPlatforms) = preSolution
		Debug|Win32 = Debug|Win32
		Release|Win32 = Release|Win32
	EndGlobalSection
	GlobalSection(ProjectConfigurationPlatforms) = postSolution
		{C223DAFA-9611-4471-AAD6-7B99CEBDE258}.Debug|Win32.ActiveCfg = Debug|Win32
		{C223DAFA-9611-4471-AAD6-7B99CEBDE258}.Debug|Win32.Build.0 = Debug|Win32
		{C223DAFA-9611-4471-AAD6-7B99CEBDE258}.Release|Win32.ActiveCfg = Release|Win32
		{C223DAFA-9611-4471-AAD6-7B99CEBDE258}.Release|Win32.Build.0 = Release|Win32
		{DE2CB84C-0984-4B7A-807C-1EA3E1923263}.Debug|Win32.ActiveCfg = Debug|Win32
		{DE2CB84C-0984-4B7A-807C-1EA3E1923263}.Debug|Win32.Build.0 = Debug|Win32
		{DE2CB84C-0984-4B7A-807C-1EA3E1923263}.Release|Win32.ActiveCfg = Release|Win32
		{DE2CB84C-0984-4B7A-807C-1EA3E1923263}.Release|Win32.Build.0 = Release|Win32
	EndGlobalSection
	GlobalSection(SolutionProperties) = preSolution
		HideSolutionNode = FALSE
	EndGlobalSection
EndGlobal
